
Microsoft Visual Studio Solution File, Format Version 12.00
# Visual Studio Version 16
VisualStudioVersion = 16.0.30413.136
MinimumVisualStudioVersion = 10.0.40219.1
Project("{9A19103F-16F7-4668-BE54-9A1E7A4F7556}") = "SampleMessage", "SampleMessage\SampleMessage.csproj", "{F287DE1F-6E23-46F3-9B9D-CF137EC94286}"
EndProject
Project("{9A19103F-16F7-4668-BE54-9A1E7A4F7556}") = "SampleMessageTests", "MessageTests\SampleMessageTests.csproj", "{7DDDDE91-8D00-488A-9118-EB1D6D1B9034}"
EndProject
Global
	GlobalSection(SolutionConfigurationPlatforms) = preSolution
		Debug|Any CPU = Debug|Any CPU
		Release|Any CPU = Release|Any CPU
	EndGlobalSection
	GlobalSection(ProjectConfigurationPlatforms) = postSolution
		{F287DE1F-6E23-46F3-9B9D-CF137EC94286}.Debug|Any CPU.ActiveCfg = Debug|Any CPU
		{F287DE1F-6E23-46F3-9B9D-CF137EC94286}.Debug|Any CPU.Build.0 = Debug|Any CPU
		{F287DE1F-6E23-46F3-9B9D-CF137EC94286}.Release|Any CPU.ActiveCfg = Release|Any CPU
		{F287DE1F-6E23-46F3-9B9D-CF137EC94286}.Release|Any CPU.Build.0 = Release|Any CPU
		{7DDDDE91-8D00-488A-9118-EB1D6D1B9034}.Debug|Any CPU.ActiveCfg = Debug|Any CPU
		{7DDDDE91-8D00-488A-9118-EB1D6D1B9034}.Debug|Any CPU.Build.0 = Debug|Any CPU
		{7DDDDE91-8D00-488A-9118-EB1D6D1B9034}.Release|Any CPU.ActiveCfg = Release|Any CPU
		{7DDDDE91-8D00-488A-9118-EB1D6D1B9034}.Release|Any CPU.Build.0 = Release|Any CPU
	EndGlobalSection
	GlobalSection(SolutionProperties) = preSolution
		HideSolutionNode = FALSE
	EndGlobalSection
	GlobalSection(ExtensibilityGlobals) = postSolution
		SolutionGuid = {788DBBEB-52D3-4644-B55E-C614AEE35626}
	EndGlobalSection
EndGlobal
